# generated by rye
# use `rye lock` or `rye sync` to update this lockfile
#
# last locked with the following flags:
#   pre: false
#   features: []
#   all-features: false
#   with-sources: false
#   generate-hashes: false
#   universal: false

-e file:.
aiohappyeyeballs==2.4.6
    # via aiohttp
aiohttp==3.11.12
    # via datasets
    # via fsspec
    # via litellm
    # via llama-index-core
aiosignal==1.3.2
    # via aiohttp
alembic==1.14.1
    # via optuna
annotated-types==0.7.0
    # via pydantic
anyio==4.8.0
    # via asyncer
    # via dspy
    # via httpx
    # via jupyter-server
    # via openai
appnope==0.1.4
    # via ipykernel
argon2-cffi==23.1.0
    # via jupyter-server
argon2-cffi-bindings==21.2.0
    # via argon2-cffi
arrow==1.3.0
    # via isoduration
asttokens==3.0.0
    # via stack-data
async-lru==2.0.4
    # via jupyterlab
asyncer==0.0.8
    # via dspy
attrs==25.1.0
    # via aiohttp
    # via jsonschema
    # via referencing
babel==2.17.0
    # via jupyterlab-server
backoff==2.2.1
    # via dspy
beautifulsoup4==4.13.3
    # via llama-index-readers-file
    # via markdownify
    # via nbconvert
bleach==6.2.0
    # via nbconvert
cachetools==5.5.2
    # via dspy
certifi==2025.1.31
    # via httpcore
    # via httpx
    # via llama-cloud
    # via requests
cffi==1.17.1
    # via argon2-cffi-bindings
charset-normalizer==3.4.1
    # via requests
click==8.1.8
    # via litellm
    # via llama-cloud-services
    # via nltk
cloudpickle==3.1.1
    # via dspy
colorlog==6.9.0
    # via optuna
comm==0.2.2
    # via ipykernel
dataclasses-json==0.6.7
    # via llama-index-core
datasets==2.21.0
    # via dspy
debugpy==1.8.13
    # via ipykernel
decorator==5.2.1
    # via ipython
deepdiff==8.2.0
    # via autoflow-ai
defusedxml==0.7.1
    # via nbconvert
deprecated==1.2.18
    # via llama-index-core
dill==0.3.8
    # via datasets
    # via multiprocess
dirtyjson==1.0.8
    # via llama-index-core
diskcache==5.6.3
    # via dspy
distro==1.9.0
    # via openai
dspy==2.6.6
    # via autoflow-ai
et-xmlfile==2.0.0
    # via openpyxl
executing==2.2.0
    # via stack-data
fastjsonschema==2.21.1
    # via nbformat
filelock==3.17.0
    # via datasets
    # via huggingface-hub
filetype==1.2.0
    # via llama-index-core
fqdn==1.5.1
    # via jsonschema
frozenlist==1.5.0
    # via aiohttp
    # via aiosignal
fsspec==2024.6.1
    # via datasets
    # via huggingface-hub
    # via llama-index-core
greenlet==3.1.1
    # via playwright
    # via sqlalchemy
h11==0.14.0
    # via httpcore
httpcore==1.0.7
    # via httpx
httpx==0.28.1
    # via jupyterlab
    # via litellm
    # via llama-cloud
    # via llama-index-core
    # via openai
huggingface-hub==0.29.1
    # via datasets
    # via tokenizers
idna==3.10
    # via anyio
    # via httpx
    # via jsonschema
    # via requests
    # via yarl
importlib-metadata==8.6.1
    # via litellm
iniconfig==2.0.0
    # via pytest
ipykernel==6.29.5
    # via jupyterlab
ipython==9.0.2
    # via ipykernel
ipython-pygments-lexers==1.1.1
    # via ipython
isoduration==20.11.0
    # via jsonschema
jedi==0.19.2
    # via ipython
jinja2==3.1.5
    # via dspy
    # via jupyter-server
    # via jupyterlab
    # via jupyterlab-server
    # via litellm
    # via nbconvert
jiter==0.8.2
    # via openai
joblib==1.4.2
    # via dspy
    # via nltk
json-repair==0.39.0
    # via dspy
json5==0.10.0
    # via jupyterlab-server
jsonpointer==3.0.0
    # via jsonschema
jsonschema==4.23.0
    # via jupyter-events
    # via jupyterlab-server
    # via litellm
    # via nbformat
jsonschema-specifications==2024.10.1
    # via jsonschema
jupyter-client==8.6.3
    # via ipykernel
    # via jupyter-server
    # via nbclient
jupyter-core==5.7.2
    # via ipykernel
    # via jupyter-client
    # via jupyter-server
    # via jupyterlab
    # via nbclient
    # via nbconvert
    # via nbformat
jupyter-events==0.12.0
    # via jupyter-server
jupyter-lsp==2.2.5
    # via jupyterlab
jupyter-server==2.15.0
    # via jupyter-lsp
    # via jupyterlab
    # via jupyterlab-server
    # via notebook-shim
jupyter-server-terminals==0.5.3
    # via jupyter-server
jupyterlab==4.3.5
    # via autoflow-ai
jupyterlab-pygments==0.3.0
    # via nbconvert
jupyterlab-server==2.27.3
    # via jupyterlab
litellm==1.61.11
    # via autoflow-ai
    # via dspy
    # via llama-index-embeddings-litellm
    # via llama-index-llms-litellm
llama-cloud==0.1.13
    # via llama-cloud-services
    # via llama-index-indices-managed-llama-cloud
llama-cloud-services==0.6.1
    # via llama-parse
llama-index==0.12.19
    # via autoflow-ai
llama-index-agent-openai==0.4.6
    # via llama-index
    # via llama-index-program-openai
llama-index-cli==0.4.0
    # via llama-index
llama-index-core==0.12.19
    # via llama-cloud-services
    # via llama-index
    # via llama-index-agent-openai
    # via llama-index-cli
    # via llama-index-embeddings-litellm
    # via llama-index-embeddings-openai
    # via llama-index-indices-managed-llama-cloud
    # via llama-index-llms-litellm
    # via llama-index-llms-openai
    # via llama-index-multi-modal-llms-openai
    # via llama-index-program-openai
    # via llama-index-question-gen-openai
    # via llama-index-readers-file
    # via llama-index-readers-llama-parse
llama-index-embeddings-litellm==0.3.0
    # via autoflow-ai
llama-index-embeddings-openai==0.3.1
    # via llama-index
    # via llama-index-cli
llama-index-indices-managed-llama-cloud==0.6.8
    # via llama-index
llama-index-llms-litellm==0.3.0
    # via autoflow-ai
llama-index-llms-openai==0.3.20
    # via llama-index
    # via llama-index-agent-openai
    # via llama-index-cli
    # via llama-index-multi-modal-llms-openai
    # via llama-index-program-openai
    # via llama-index-question-gen-openai
llama-index-multi-modal-llms-openai==0.4.3
    # via llama-index
llama-index-program-openai==0.3.1
    # via llama-index
    # via llama-index-question-gen-openai
llama-index-question-gen-openai==0.3.0
    # via llama-index
llama-index-readers-file==0.4.5
    # via llama-index
llama-index-readers-llama-parse==0.4.0
    # via llama-index
llama-parse==0.6.1
    # via llama-index-readers-llama-parse
lxml==5.3.1
    # via python-docx
    # via python-pptx
magicattr==0.1.6
    # via dspy
mako==1.3.9
    # via alembic
markdownify==0.14.1
    # via autoflow-ai
markupsafe==3.0.2
    # via jinja2
    # via mako
    # via nbconvert
marshmallow==3.26.1
    # via dataclasses-json
matplotlib-inline==0.1.7
    # via ipykernel
    # via ipython
mistune==3.1.2
    # via nbconvert
multidict==6.1.0
    # via aiohttp
    # via yarl
multiprocess==0.70.16
    # via datasets
mypy-extensions==1.0.0
    # via typing-inspect
nbclient==0.10.2
    # via nbconvert
nbconvert==7.16.6
    # via jupyter-server
nbformat==5.10.4
    # via jupyter-server
    # via nbclient
    # via nbconvert
nest-asyncio==1.6.0
    # via ipykernel
    # via llama-index-core
networkx==3.4.2
    # via llama-index-core
nltk==3.9.1
    # via llama-index
    # via llama-index-core
notebook-shim==0.2.4
    # via jupyterlab
numpy==1.26.4
    # via datasets
    # via llama-index-core
    # via optuna
    # via pandas
    # via tidb-vector
openai==1.63.2
    # via dspy
    # via litellm
    # via llama-index-agent-openai
    # via llama-index-embeddings-openai
    # via llama-index-llms-openai
opendal==0.45.15
    # via autoflow-ai
openpyxl==3.1.5
    # via autoflow-ai
optuna==4.2.1
    # via dspy
orderly-set==5.3.0
    # via deepdiff
overrides==7.7.0
    # via jupyter-server
packaging==24.2
    # via datasets
    # via huggingface-hub
    # via ipykernel
    # via jupyter-events
    # via jupyter-server
    # via jupyterlab
    # via jupyterlab-server
    # via marshmallow
    # via nbconvert
    # via optuna
    # via pytest
pandas==2.2.3
    # via datasets
    # via dspy
    # via llama-index-readers-file
pandocfilters==1.5.1
    # via nbconvert
parso==0.8.4
    # via jedi
pexpect==4.9.0
    # via ipython
pillow==11.1.0
    # via llama-index-core
    # via python-pptx
pip==25.0.1
    # via autoflow-ai
platformdirs==4.3.6
    # via jupyter-core
playwright==1.50.0
    # via autoflow-ai
pluggy==1.5.0
    # via pytest
prometheus-client==0.21.1
    # via jupyter-server
prompt-toolkit==3.0.50
    # via ipython
propcache==0.3.0
    # via aiohttp
    # via yarl
psutil==7.0.0
    # via ipykernel
ptyprocess==0.7.0
    # via pexpect
    # via terminado
pure-eval==0.2.3
    # via stack-data
pyarrow==19.0.1
    # via datasets
pycparser==2.22
    # via cffi
pydantic==2.10.6
    # via dspy
    # via litellm
    # via llama-cloud
    # via llama-cloud-services
    # via llama-index-core
    # via openai
    # via sqlmodel
pydantic-core==2.27.2
    # via pydantic
pyee==12.1.1
    # via playwright
pygments==2.19.1
    # via ipython
    # via ipython-pygments-lexers
    # via nbconvert
pymysql==1.1.1
    # via autoflow-ai
pypdf==5.3.0
    # via autoflow-ai
    # via llama-index-readers-file
pytest==8.3.4
    # via autoflow-ai
    # via pytest-dotenv
pytest-dotenv==0.5.2
    # via autoflow-ai
python-dateutil==2.9.0.post0
    # via arrow
    # via jupyter-client
    # via pandas
python-docx==1.1.2
    # via autoflow-ai
python-dotenv==1.0.1
    # via litellm
    # via llama-cloud-services
    # via pytest-dotenv
python-json-logger==3.3.0
    # via jupyter-events
python-pptx==1.0.2
    # via autoflow-ai
pytz==2025.1
    # via pandas
pyyaml==6.0.2
    # via datasets
    # via huggingface-hub
    # via jupyter-events
    # via llama-index-core
    # via optuna
pyzmq==26.2.1
    # via ipykernel
    # via jupyter-client
    # via jupyter-server
referencing==0.36.2
    # via jsonschema
    # via jsonschema-specifications
    # via jupyter-events
regex==2024.11.6
    # via dspy
    # via nltk
    # via tiktoken
requests==2.32.3
    # via datasets
    # via dspy
    # via huggingface-hub
    # via jupyterlab-server
    # via llama-index-core
    # via tiktoken
rfc3339-validator==0.1.4
    # via jsonschema
    # via jupyter-events
rfc3986-validator==0.1.1
    # via jsonschema
    # via jupyter-events
rpds-py==0.23.0
    # via jsonschema
    # via referencing
send2trash==1.8.3
    # via jupyter-server
setuptools==76.0.0
    # via jupyterlab
six==1.17.0
    # via markdownify
    # via python-dateutil
    # via rfc3339-validator
sniffio==1.3.1
    # via anyio
    # via openai
soupsieve==2.6
    # via beautifulsoup4
sqlalchemy==2.0.38
    # via alembic
    # via llama-index-core
    # via optuna
    # via sqlmodel
sqlmodel==0.0.22
    # via autoflow-ai
stack-data==0.6.3
    # via ipython
striprtf==0.0.26
    # via llama-index-readers-file
tenacity==9.0.0
    # via dspy
    # via llama-index-core
terminado==0.18.1
    # via jupyter-server
    # via jupyter-server-terminals
tidb-vector==0.0.14
    # via autoflow-ai
tiktoken==0.9.0
    # via litellm
    # via llama-index-core
tinycss2==1.4.0
    # via bleach
tokenizers==0.21.0
    # via autoflow-ai
    # via litellm
tornado==6.4.2
    # via ipykernel
    # via jupyter-client
    # via jupyter-server
    # via jupyterlab
    # via terminado
tqdm==4.67.1
    # via datasets
    # via dspy
    # via huggingface-hub
    # via llama-index-core
    # via nltk
    # via openai
    # via optuna
traitlets==5.14.3
    # via comm
    # via ipykernel
    # via ipython
    # via jupyter-client
    # via jupyter-core
    # via jupyter-events
    # via jupyter-server
    # via jupyterlab
    # via matplotlib-inline
    # via nbclient
    # via nbconvert
    # via nbformat
types-python-dateutil==2.9.0.20241206
    # via arrow
typing-extensions==4.12.2
    # via alembic
    # via anyio
    # via beautifulsoup4
    # via huggingface-hub
    # via llama-index-core
    # via openai
    # via pydantic
    # via pydantic-core
    # via pyee
    # via python-docx
    # via python-pptx
    # via referencing
    # via sqlalchemy
    # via typing-inspect
typing-inspect==0.9.0
    # via dataclasses-json
    # via llama-index-core
tzdata==2025.1
    # via pandas
ujson==5.10.0
    # via dspy
uri-template==1.3.0
    # via jsonschema
urllib3==2.3.0
    # via requests
wcwidth==0.2.13
    # via prompt-toolkit
webcolors==24.11.1
    # via jsonschema
webencodings==0.5.1
    # via bleach
    # via tinycss2
websocket-client==1.8.0
    # via jupyter-server
wrapt==1.17.2
    # via deprecated
    # via llama-index-core
xlsxwriter==3.2.2
    # via python-pptx
xxhash==3.5.0
    # via datasets
yarl==1.18.3
    # via aiohttp
zipp==3.21.0
    # via importlib-metadata
