version = 1
revision = 1
requires-python = ">=3.11, <4.0"

[[package]]
name = "argparse-dataclass"
version = "2.0.0"
source = { registry = "https://pypi.org/simple" }
sdist = { url = "https://files.pythonhosted.org/packages/1a/ff/a2e4e328075ddef2ac3c9431eb12247e4ba707a70324894f1e6b4f43c286/argparse_dataclass-2.0.0.tar.gz", hash = "sha256:09ab641c914a2f12882337b9c3e5086196dbf2ee6bf0ef67895c74002cc9297f", size = 6395 }
wheels = [
    { url = "https://files.pythonhosted.org/packages/b3/66/e6c0a808950ba5a4042e2fcedd577fc7401536c7db063de4d7c36be06f84/argparse_dataclass-2.0.0-py3-none-any.whl", hash = "sha256:3ffc8852a88d9d98d1364b4441a712491320afb91fb56049afd8a51d74bb52d2", size = 8762 },
]

[[package]]
name = "configargparse"
version = "1.7"
source = { registry = "https://pypi.org/simple" }
sdist = { url = "https://files.pythonhosted.org/packages/70/8a/73f1008adfad01cb923255b924b1528727b8270e67cb4ef41eabdc7d783e/ConfigArgParse-1.7.tar.gz", hash = "sha256:e7067471884de5478c58a511e529f0f9bd1c66bfef1dea90935438d6c23306d1", size = 43817 }
wheels = [
    { url = "https://files.pythonhosted.org/packages/6f/b3/b4ac838711fd74a2b4e6f746703cf9dd2cf5462d17dac07e349234e21b97/ConfigArgParse-1.7-py3-none-any.whl", hash = "sha256:d249da6591465c6c26df64a9f73d2536e743be2f244eb3ebe61114af2f94f86b", size = 25489 },
]

[[package]]
name = "markdown-it-py"
version = "3.0.0"
source = { registry = "https://pypi.org/simple" }
dependencies = [
    { name = "mdurl" },
]
sdist = { url = "https://files.pythonhosted.org/packages/38/71/3b932df36c1a044d397a1f92d1cf91ee0a503d91e470cbd670aa66b07ed0/markdown-it-py-3.0.0.tar.gz", hash = "sha256:e3f60a94fa066dc52ec76661e37c851cb232d92f9886b15cb560aaada2df8feb", size = 74596 }
wheels = [
    { url = "https://files.pythonhosted.org/packages/42/d7/1ec15b46af6af88f19b8e5ffea08fa375d433c998b8a7639e76935c14f1f/markdown_it_py-3.0.0-py3-none-any.whl", hash = "sha256:355216845c60bd96232cd8d8c40e8f9765cc86f46880e43a8fd22dc1a1a8cab1", size = 87528 },
]

[[package]]
name = "mdurl"
version = "0.1.2"
source = { registry = "https://pypi.org/simple" }
sdist = { url = "https://files.pythonhosted.org/packages/d6/54/cfe61301667036ec958cb99bd3efefba235e65cdeb9c84d24a8293ba1d90/mdurl-0.1.2.tar.gz", hash = "sha256:bb413d29f5eea38f31dd4754dd7377d4465116fb207585f97bf925588687c1ba", size = 8729 }
wheels = [
    { url = "https://files.pythonhosted.org/packages/b3/38/89ba8ad64ae25be8de66a6d463314cf1eb366222074cfda9ee839c56a4b4/mdurl-0.1.2-py3-none-any.whl", hash = "sha256:84008a41e51615a49fc9966191ff91509e3c40b939176e643fd50a5c2196b8f8", size = 9979 },
]

[[package]]
name = "pygments"
version = "2.18.0"
source = { registry = "https://pypi.org/simple" }
sdist = { url = "https://files.pythonhosted.org/packages/8e/62/8336eff65bcbc8e4cb5d05b55faf041285951b6e80f33e2bff2024788f31/pygments-2.18.0.tar.gz", hash = "sha256:786ff802f32e91311bff3889f6e9a86e81505fe99f2735bb6d60ae0c5004f199", size = 4891905 }
wheels = [
    { url = "https://files.pythonhosted.org/packages/f7/3f/01c8b82017c199075f8f788d0d906b9ffbbc5a47dc9918a945e13d5a2bda/pygments-2.18.0-py3-none-any.whl", hash = "sha256:b8e6aca0523f3ab76fee51799c488e38782ac06eafcf95e7ba832985c8e7b13a", size = 1205513 },
]

[[package]]
name = "rich"
version = "13.9.4"
source = { registry = "https://pypi.org/simple" }
dependencies = [
    { name = "markdown-it-py" },
    { name = "pygments" },
]
sdist = { url = "https://files.pythonhosted.org/packages/ab/3a/0316b28d0761c6734d6bc14e770d85506c986c85ffb239e688eeaab2c2bc/rich-13.9.4.tar.gz", hash = "sha256:439594978a49a09530cff7ebc4b5c7103ef57baf48d5ea3184f21d9a2befa098", size = 223149 }
wheels = [
    { url = "https://files.pythonhosted.org/packages/19/71/39c7c0d87f8d4e6c020a393182060eaefeeae6c01dab6a84ec346f2567df/rich-13.9.4-py3-none-any.whl", hash = "sha256:6049d5e6ec054bf2779ab3358186963bac2ea89175919d699e378b99738c2a90", size = 242424 },
]

[[package]]
name = "snakemake-interface-common"
version = "1.17.4"
source = { registry = "https://pypi.org/simple" }
dependencies = [
    { name = "argparse-dataclass" },
    { name = "configargparse" },
]
sdist = { url = "https://files.pythonhosted.org/packages/09/d4/dd2694226160c126e3ce2a27222088bde3ef07cd554d31d63398cc48f810/snakemake_interface_common-1.17.4.tar.gz", hash = "sha256:c2142e1b93cbc18c2cf41d15968ba8688f60b077c8284e5de057cccfc215d4d3", size = 9897 }
wheels = [
    { url = "https://files.pythonhosted.org/packages/3d/fe/c318657e6a4b8ab5b3eafa07cd1c360a732c6b37ba6085f3c82339ebbbdc/snakemake_interface_common-1.17.4-py3-none-any.whl", hash = "sha256:1d757cce0300a73d48b906d1ade38706853169320a5d27b963869888d130c354", size = 14011 },
]

[[package]]
name = "snakemake-interface-executor-plugins"
version = "9.3.2"
source = { registry = "https://pypi.org/simple" }
dependencies = [
    { name = "argparse-dataclass" },
    { name = "snakemake-interface-common" },
    { name = "throttler" },
]
sdist = { url = "https://files.pythonhosted.org/packages/6f/77/f3e7a7abff8f15bd50f168eef1e3153167a681bfd51a454a3adb0918cb8d/snakemake_interface_executor_plugins-9.3.2.tar.gz", hash = "sha256:19c50dc82989ff25d10386cfb3c99da9d2dc980d95ecd30bbb431374dcd390b3", size = 16714 }
wheels = [
    { url = "https://files.pythonhosted.org/packages/7c/84/0b7602c54d97b2cd3b40fc4c80633d42afcf69e441d9f25c928376051be8/snakemake_interface_executor_plugins-9.3.2-py3-none-any.whl", hash = "sha256:9c52c4b0f74b9056ebbb1b6229459281fef002b678baac00aee3b3ef36e92ba5", size = 22389 },
]

[[package]]
name = "snakemake-interface-logger-plugins"
version = "1.0.0"
source = { registry = "https://pypi.org/simple" }
dependencies = [
    { name = "snakemake-interface-common" },
]
sdist = { url = "https://files.pythonhosted.org/packages/57/af/f5e1d97d675a0742fb01367957c0db30369d99579a6f6aa1c7757643f1eb/snakemake_interface_logger_plugins-1.0.0.tar.gz", hash = "sha256:0001fdb40b54663042800bd408ad13db3d644dbf2704b4d8ce44d33facfdfb39", size = 2613 }
wheels = [
    { url = "https://files.pythonhosted.org/packages/e7/06/47eb26981abb5e1ced06447372b6904c847ca9216f0980ee390796b24a7c/snakemake_interface_logger_plugins-1.0.0-py3-none-any.whl", hash = "sha256:467ca023fd1f0cae01e0d9592ebb3694b35a3ec9f4b59f0986ae9973e2322b1c", size = 5020 },
]

[[package]]
name = "snakemake-logger-plugin-rich"
version = "0.2.3"
source = { editable = "." }
dependencies = [
    { name = "rich" },
    { name = "snakemake-interface-executor-plugins" },
    { name = "snakemake-interface-logger-plugins" },
]

[package.metadata]
requires-dist = [
    { name = "rich", specifier = ">=13.9.4" },
    { name = "snakemake-interface-executor-plugins", specifier = ">=9.3.2" },
    { name = "snakemake-interface-logger-plugins", specifier = ">=1.0.0" },
]

[[package]]
name = "throttler"
version = "1.2.2"
source = { registry = "https://pypi.org/simple" }
sdist = { url = "https://files.pythonhosted.org/packages/b4/22/638451122136d5280bc477c8075ea448b9ebdfbd319f0f120edaecea2038/throttler-1.2.2.tar.gz", hash = "sha256:d54db406d98e1b54d18a9ba2b31ab9f093ac64a0a59d730c1cf7bb1cdfc94a58", size = 7970 }
wheels = [
    { url = "https://files.pythonhosted.org/packages/df/d4/36bf6010b184286000b2334622bfb3446a40c22c1d2a9776bff025cb0fe5/throttler-1.2.2-py3-none-any.whl", hash = "sha256:fc6ae612a2529e01110b32335af40375258b98e3b81232ec77cd07f51bf71392", size = 7609 },
]
