# generated by rye
# use `rye lock` or `rye sync` to update this lockfile
#
# last locked with the following flags:
#   pre: false
#   features: []
#   all-features: false
#   with-sources: false
#   generate-hashes: false
#   universal: false

-e file:.
aiohappyeyeballs==2.4.6
    # via aiohttp
aiohttp==3.11.12
    # via datasets
    # via fsspec
    # via litellm
    # via llama-index-core
aiosignal==1.3.2
    # via aiohttp
alembic==1.14.1
    # via optuna
annotated-types==0.7.0
    # via pydantic
anyio==4.8.0
    # via asyncer
    # via dspy
    # via httpx
    # via openai
asyncer==0.0.8
    # via dspy
attrs==25.1.0
    # via aiohttp
    # via jsonschema
    # via referencing
backoff==2.2.1
    # via dspy
beautifulsoup4==4.13.3
    # via llama-index-readers-file
    # via markdownify
cachetools==5.5.2
    # via dspy
certifi==2025.1.31
    # via httpcore
    # via httpx
    # via llama-cloud
    # via requests
charset-normalizer==3.4.1
    # via requests
click==8.1.8
    # via litellm
    # via llama-cloud-services
    # via nltk
cloudpickle==3.1.1
    # via dspy
colorlog==6.9.0
    # via optuna
dataclasses-json==0.6.7
    # via llama-index-core
datasets==2.21.0
    # via dspy
deepdiff==8.2.0
    # via autoflow-ai
deprecated==1.2.18
    # via llama-index-core
dill==0.3.8
    # via datasets
    # via multiprocess
dirtyjson==1.0.8
    # via llama-index-core
diskcache==5.6.3
    # via dspy
distro==1.9.0
    # via openai
dspy==2.6.6
    # via autoflow-ai
et-xmlfile==2.0.0
    # via openpyxl
filelock==3.17.0
    # via datasets
    # via huggingface-hub
filetype==1.2.0
    # via llama-index-core
frozenlist==1.5.0
    # via aiohttp
    # via aiosignal
fsspec==2024.6.1
    # via datasets
    # via huggingface-hub
    # via llama-index-core
greenlet==3.1.1
    # via playwright
    # via sqlalchemy
h11==0.14.0
    # via httpcore
httpcore==1.0.7
    # via httpx
httpx==0.28.1
    # via litellm
    # via llama-cloud
    # via llama-index-core
    # via openai
huggingface-hub==0.29.1
    # via datasets
    # via tokenizers
idna==3.10
    # via anyio
    # via httpx
    # via requests
    # via yarl
importlib-metadata==8.6.1
    # via litellm
iniconfig==2.0.0
    # via pytest
jinja2==3.1.5
    # via dspy
    # via litellm
jiter==0.8.2
    # via openai
joblib==1.4.2
    # via dspy
    # via nltk
json-repair==0.39.0
    # via dspy
jsonschema==4.23.0
    # via litellm
jsonschema-specifications==2024.10.1
    # via jsonschema
litellm==1.61.11
    # via autoflow-ai
    # via dspy
    # via llama-index-embeddings-litellm
    # via llama-index-llms-litellm
llama-cloud==0.1.13
    # via llama-cloud-services
    # via llama-index-indices-managed-llama-cloud
llama-cloud-services==0.6.1
    # via llama-parse
llama-index==0.12.19
    # via autoflow-ai
llama-index-agent-openai==0.4.6
    # via llama-index
    # via llama-index-program-openai
llama-index-cli==0.4.0
    # via llama-index
llama-index-core==0.12.19
    # via llama-cloud-services
    # via llama-index
    # via llama-index-agent-openai
    # via llama-index-cli
    # via llama-index-embeddings-litellm
    # via llama-index-embeddings-openai
    # via llama-index-indices-managed-llama-cloud
    # via llama-index-llms-litellm
    # via llama-index-llms-openai
    # via llama-index-multi-modal-llms-openai
    # via llama-index-program-openai
    # via llama-index-question-gen-openai
    # via llama-index-readers-file
    # via llama-index-readers-llama-parse
llama-index-embeddings-litellm==0.3.0
    # via autoflow-ai
llama-index-embeddings-openai==0.3.1
    # via llama-index
    # via llama-index-cli
llama-index-indices-managed-llama-cloud==0.6.8
    # via llama-index
llama-index-llms-litellm==0.3.0
    # via autoflow-ai
llama-index-llms-openai==0.3.20
    # via llama-index
    # via llama-index-agent-openai
    # via llama-index-cli
    # via llama-index-multi-modal-llms-openai
    # via llama-index-program-openai
    # via llama-index-question-gen-openai
llama-index-multi-modal-llms-openai==0.4.3
    # via llama-index
llama-index-program-openai==0.3.1
    # via llama-index
    # via llama-index-question-gen-openai
llama-index-question-gen-openai==0.3.0
    # via llama-index
llama-index-readers-file==0.4.5
    # via llama-index
llama-index-readers-llama-parse==0.4.0
    # via llama-index
llama-parse==0.6.1
    # via llama-index-readers-llama-parse
lxml==5.3.1
    # via python-docx
    # via python-pptx
magicattr==0.1.6
    # via dspy
mako==1.3.9
    # via alembic
markdownify==0.14.1
    # via autoflow-ai
markupsafe==3.0.2
    # via jinja2
    # via mako
marshmallow==3.26.1
    # via dataclasses-json
multidict==6.1.0
    # via aiohttp
    # via yarl
multiprocess==0.70.16
    # via datasets
mypy-extensions==1.0.0
    # via typing-inspect
nest-asyncio==1.6.0
    # via llama-index-core
networkx==3.4.2
    # via llama-index-core
nltk==3.9.1
    # via llama-index
    # via llama-index-core
numpy==1.26.4
    # via datasets
    # via llama-index-core
    # via optuna
    # via pandas
    # via tidb-vector
openai==1.63.2
    # via dspy
    # via litellm
    # via llama-index-agent-openai
    # via llama-index-embeddings-openai
    # via llama-index-llms-openai
opendal==0.45.15
    # via autoflow-ai
openpyxl==3.1.5
    # via autoflow-ai
optuna==4.2.1
    # via dspy
orderly-set==5.3.0
    # via deepdiff
packaging==24.2
    # via datasets
    # via huggingface-hub
    # via marshmallow
    # via optuna
    # via pytest
pandas==2.2.3
    # via datasets
    # via dspy
    # via llama-index-readers-file
pillow==11.1.0
    # via llama-index-core
    # via python-pptx
playwright==1.50.0
    # via autoflow-ai
pluggy==1.5.0
    # via pytest
propcache==0.3.0
    # via aiohttp
    # via yarl
pyarrow==19.0.1
    # via datasets
pydantic==2.10.6
    # via dspy
    # via litellm
    # via llama-cloud
    # via llama-cloud-services
    # via llama-index-core
    # via openai
    # via sqlmodel
pydantic-core==2.27.2
    # via pydantic
pyee==12.1.1
    # via playwright
pymysql==1.1.1
    # via autoflow-ai
pypdf==5.3.0
    # via autoflow-ai
    # via llama-index-readers-file
pytest==8.3.4
    # via autoflow-ai
    # via pytest-dotenv
pytest-dotenv==0.5.2
    # via autoflow-ai
python-dateutil==2.9.0.post0
    # via pandas
python-docx==1.1.2
    # via autoflow-ai
python-dotenv==1.0.1
    # via litellm
    # via llama-cloud-services
    # via pytest-dotenv
python-pptx==1.0.2
    # via autoflow-ai
pytz==2025.1
    # via pandas
pyyaml==6.0.2
    # via datasets
    # via huggingface-hub
    # via llama-index-core
    # via optuna
referencing==0.36.2
    # via jsonschema
    # via jsonschema-specifications
regex==2024.11.6
    # via dspy
    # via nltk
    # via tiktoken
requests==2.32.3
    # via datasets
    # via dspy
    # via huggingface-hub
    # via llama-index-core
    # via tiktoken
rpds-py==0.23.0
    # via jsonschema
    # via referencing
six==1.17.0
    # via markdownify
    # via python-dateutil
sniffio==1.3.1
    # via anyio
    # via openai
soupsieve==2.6
    # via beautifulsoup4
sqlalchemy==2.0.38
    # via alembic
    # via llama-index-core
    # via optuna
    # via sqlmodel
sqlmodel==0.0.22
    # via autoflow-ai
striprtf==0.0.26
    # via llama-index-readers-file
tenacity==9.0.0
    # via dspy
    # via llama-index-core
tidb-vector==0.0.14
    # via autoflow-ai
tiktoken==0.9.0
    # via litellm
    # via llama-index-core
tokenizers==0.21.0
    # via autoflow-ai
    # via litellm
tqdm==4.67.1
    # via datasets
    # via dspy
    # via huggingface-hub
    # via llama-index-core
    # via nltk
    # via openai
    # via optuna
typing-extensions==4.12.2
    # via alembic
    # via anyio
    # via beautifulsoup4
    # via huggingface-hub
    # via llama-index-core
    # via openai
    # via pydantic
    # via pydantic-core
    # via pyee
    # via python-docx
    # via python-pptx
    # via referencing
    # via sqlalchemy
    # via typing-inspect
typing-inspect==0.9.0
    # via dataclasses-json
    # via llama-index-core
tzdata==2025.1
    # via pandas
ujson==5.10.0
    # via dspy
urllib3==2.3.0
    # via requests
wrapt==1.17.2
    # via deprecated
    # via llama-index-core
xlsxwriter==3.2.2
    # via python-pptx
xxhash==3.5.0
    # via datasets
yarl==1.18.3
    # via aiohttp
zipp==3.21.0
    # via importlib-metadata
